
Microsoft Visual Studio Solution File, Format Version 12.00
# Visual Studio Version 17
VisualStudioVersion = 17.1.32421.90
MinimumVisualStudioVersion = 10.0.40219.1
Project("{9A19103F-16F7-4668-BE54-9A1E7A4F7556}") = "PRN_SE1629_PRO", "PRN_SE1629_PRO\PRN_SE1629_PRO.csproj", "{6732B438-0C34-465F-BA7D-FC8F5CBEA089}"
EndProject
Project("{9A19103F-16F7-4668-BE54-9A1E7A4F7556}") = "PRN_SE1629_OOP", "PRN_SE1629_OOP\PRN_SE1629_OOP.csproj", "{38AE4778-73FA-4B42-93F6-E20E5837BA7E}"
EndProject
Project("{9A19103F-16F7-4668-BE54-9A1E7A4F7556}") = "PRN_SE1629_PRODUCT_MANAGEMENT", "PRN_SE1629_PRODUCT_MANAGEMENT\PRN_SE1629_PRODUCT_MANAGEMENT.csproj", "{8C1DEBBC-AB03-4427-ADBE-4C6419799393}"
EndProject
Project("{9A19103F-16F7-4668-BE54-9A1E7A4F7556}") = "PRN_SE1629_LINQ", "PRN_SE1629_LINQ\PRN_SE1629_LINQ.csproj", "{A3E11151-8881-4ED9-8D98-A316A06B9CBE}"
EndProject
Project("{9A19103F-16F7-4668-BE54-9A1E7A4F7556}") = "PRN_SE1629_THREADING", "PRN_SE1629_THREADING\PRN_SE1629_THREADING.csproj", "{026C2B73-0C60-4C77-B553-3CB8D6CAD77A}"
EndProject
Project("{FAE04EC0-301F-11D3-BF4B-00C04F79EFBC}") = "MathLib", "MathLib\MathLib.csproj", "{B7924D2D-CFCD-4EE4-8C67-6F17D808377A}"
EndProject
Project("{FAE04EC0-301F-11D3-BF4B-00C04F79EFBC}") = "PRN_SE1629_CONSUME_MATHLIB", "PRN_SE1629_CONSUME_MATHLIB\PRN_SE1629_CONSUME_MATHLIB.csproj", "{FCE3EB41-E095-4570-9D63-35BCA374C459}"
EndProject
Project("{FAE04EC0-301F-11D3-BF4B-00C04F79EFBC}") = "PRN_SE1629_FILESTREAM", "PRN_SE1629_FILESTREAM\PRN_SE1629_FILESTREAM.csproj", "{FE025A98-9EB0-4400-AC34-C6FCC6A35381}"
EndProject
Global
	GlobalSection(SolutionConfigurationPlatforms) = preSolution
		Debug|Any CPU = Debug|Any CPU
		Release|Any CPU = Release|Any CPU
	EndGlobalSection
	GlobalSection(ProjectConfigurationPlatforms) = postSolution
		{6732B438-0C34-465F-BA7D-FC8F5CBEA089}.Debug|Any CPU.ActiveCfg = Debug|Any CPU
		{6732B438-0C34-465F-BA7D-FC8F5CBEA089}.Debug|Any CPU.Build.0 = Debug|Any CPU
		{6732B438-0C34-465F-BA7D-FC8F5CBEA089}.Release|Any CPU.ActiveCfg = Release|Any CPU
		{6732B438-0C34-465F-BA7D-FC8F5CBEA089}.Release|Any CPU.Build.0 = Release|Any CPU
		{38AE4778-73FA-4B42-93F6-E20E5837BA7E}.Debug|Any CPU.ActiveCfg = Debug|Any CPU
		{38AE4778-73FA-4B42-93F6-E20E5837BA7E}.Debug|Any CPU.Build.0 = Debug|Any CPU
		{38AE4778-73FA-4B42-93F6-E20E5837BA7E}.Release|Any CPU.ActiveCfg = Release|Any CPU
		{38AE4778-73FA-4B42-93F6-E20E5837BA7E}.Release|Any CPU.Build.0 = Release|Any CPU
		{8C1DEBBC-AB03-4427-ADBE-4C6419799393}.Debug|Any CPU.ActiveCfg = Debug|Any CPU
		{8C1DEBBC-AB03-4427-ADBE-4C6419799393}.Debug|Any CPU.Build.0 = Debug|Any CPU
		{8C1DEBBC-AB03-4427-ADBE-4C6419799393}.Release|Any CPU.ActiveCfg = Release|Any CPU
		{8C1DEBBC-AB03-4427-ADBE-4C6419799393}.Release|Any CPU.Build.0 = Release|Any CPU
		{A3E11151-8881-4ED9-8D98-A316A06B9CBE}.Debug|Any CPU.ActiveCfg = Debug|Any CPU
		{A3E11151-8881-4ED9-8D98-A316A06B9CBE}.Debug|Any CPU.Build.0 = Debug|Any CPU
		{A3E11151-8881-4ED9-8D98-A316A06B9CBE}.Release|Any CPU.ActiveCfg = Release|Any CPU
		{A3E11151-8881-4ED9-8D98-A316A06B9CBE}.Release|Any CPU.Build.0 = Release|Any CPU
		{026C2B73-0C60-4C77-B553-3CB8D6CAD77A}.Debug|Any CPU.ActiveCfg = Debug|Any CPU
		{026C2B73-0C60-4C77-B553-3CB8D6CAD77A}.Debug|Any CPU.Build.0 = Debug|Any CPU
		{026C2B73-0C60-4C77-B553-3CB8D6CAD77A}.Release|Any CPU.ActiveCfg = Release|Any CPU
		{026C2B73-0C60-4C77-B553-3CB8D6CAD77A}.Release|Any CPU.Build.0 = Release|Any CPU
		{B7924D2D-CFCD-4EE4-8C67-6F17D808377A}.Debug|Any CPU.ActiveCfg = Debug|Any CPU
		{B7924D2D-CFCD-4EE4-8C67-6F17D808377A}.Debug|Any CPU.Build.0 = Debug|Any CPU
		{B7924D2D-CFCD-4EE4-8C67-6F17D808377A}.Release|Any CPU.ActiveCfg = Release|Any CPU
		{B7924D2D-CFCD-4EE4-8C67-6F17D808377A}.Release|Any CPU.Build.0 = Release|Any CPU
		{FCE3EB41-E095-4570-9D63-35BCA374C459}.Debug|Any CPU.ActiveCfg = Debug|Any CPU
		{FCE3EB41-E095-4570-9D63-35BCA374C459}.Debug|Any CPU.Build.0 = Debug|Any CPU
		{FCE3EB41-E095-4570-9D63-35BCA374C459}.Release|Any CPU.ActiveCfg = Release|Any CPU
		{FCE3EB41-E095-4570-9D63-35BCA374C459}.Release|Any CPU.Build.0 = Release|Any CPU
		{FE025A98-9EB0-4400-AC34-C6FCC6A35381}.Debug|Any CPU.ActiveCfg = Debug|Any CPU
		{FE025A98-9EB0-4400-AC34-C6FCC6A35381}.Debug|Any CPU.Build.0 = Debug|Any CPU
		{FE025A98-9EB0-4400-AC34-C6FCC6A35381}.Release|Any CPU.ActiveCfg = Release|Any CPU
		{FE025A98-9EB0-4400-AC34-C6FCC6A35381}.Release|Any CPU.Build.0 = Release|Any CPU
	EndGlobalSection
	GlobalSection(SolutionProperties) = preSolution
		HideSolutionNode = FALSE
	EndGlobalSection
	GlobalSection(ExtensibilityGlobals) = postSolution
		SolutionGuid = {A7651FBB-BAA8-44C6-B1BD-63C06C118195}
	EndGlobalSection
EndGlobal
